#MicroXplorer Configuration settings - do not modify
File.Version=6
KeepUserPlacement=false
Mcu.Family=STM32F4
Mcu.IP0=FSMC
Mcu.IP1=NVIC
Mcu.IP2=RCC
Mcu.IP3=SYS
Mcu.IP4=USART1
Mcu.IPNb=5
Mcu.Name=STM32F407Z(E-G)Tx
Mcu.Package=LQFP144
Mcu.Pin0=PE2
Mcu.Pin1=PF6
Mcu.Pin10=PC2
Mcu.Pin11=PC3
Mcu.Pin12=PA0-WKUP
Mcu.Pin13=PA5
Mcu.Pin14=PE7
Mcu.Pin15=PE8
Mcu.Pin16=PE9
Mcu.Pin17=PE10
Mcu.Pin18=PE11
Mcu.Pin19=PE12
Mcu.Pin2=PF7
Mcu.Pin20=PE13
Mcu.Pin21=PE14
Mcu.Pin22=PE15
Mcu.Pin23=PD8
Mcu.Pin24=PD9
Mcu.Pin25=PD10
Mcu.Pin26=PD14
Mcu.Pin27=PD15
Mcu.Pin28=PG5
Mcu.Pin29=PA9
Mcu.Pin3=PF8
Mcu.Pin30=PA10
Mcu.Pin31=PD0
Mcu.Pin32=PD1
Mcu.Pin33=PD4
Mcu.Pin34=PD5
Mcu.Pin35=PG12
Mcu.Pin36=PG13
Mcu.Pin37=VP_SYS_VS_Systick
Mcu.Pin4=PF9
Mcu.Pin5=PF10
Mcu.Pin6=PH0-OSC_IN
Mcu.Pin7=PH1-OSC_OUT
Mcu.Pin8=PC0
Mcu.Pin9=PC1
Mcu.PinsNb=38
Mcu.UserConstants=
Mcu.UserName=STM32F407ZGTx
MxCube.Version=4.23.0
MxDb.Version=DB.4.0.230
NVIC.BusFault_IRQn=true\:0\:0\:false\:false\:false\:true
NVIC.DebugMonitor_IRQn=true\:0\:0\:false\:false\:false\:true
NVIC.HardFault_IRQn=true\:0\:0\:false\:false\:false\:true
NVIC.MemoryManagement_IRQn=true\:0\:0\:false\:false\:false\:true
NVIC.NonMaskableInt_IRQn=true\:0\:0\:false\:false\:false\:true
NVIC.PendSV_IRQn=true\:0\:0\:false\:false\:false\:true
NVIC.PriorityGroup=NVIC_PRIORITYGROUP_4
NVIC.SVCall_IRQn=true\:0\:0\:false\:false\:false\:true
NVIC.SysTick_IRQn=true\:0\:0\:false\:false\:true\:true
NVIC.USART1_IRQn=true\:0\:0\:false\:false\:true\:true
NVIC.UsageFault_IRQn=true\:0\:0\:false\:false\:false\:true
PA0-WKUP.GPIOParameters=GPIO_Label
PA0-WKUP.GPIO_Label=WAKE_UP
PA0-WKUP.Locked=true
PA0-WKUP.Signal=GPIO_Input
PA10.Mode=Asynchronous
PA10.Signal=USART1_RX
PA5.GPIOParameters=GPIO_Label
PA5.GPIO_Label=JOYSTICK_CTR
PA5.Locked=true
PA5.Signal=GPIO_Input
PA9.Mode=Asynchronous
PA9.Signal=USART1_TX
PC0.GPIOParameters=GPIO_Label
PC0.GPIO_Label=JOYSTICK_A
PC0.Locked=true
PC0.Signal=GPIO_Input
PC1.GPIOParameters=GPIO_Label
PC1.GPIO_Label=JOYSTICK_C
PC1.Locked=true
PC1.Signal=GPIO_Input
PC2.GPIOParameters=GPIO_Label
PC2.GPIO_Label=JOYSTICK_B
PC2.Locked=true
PC2.Signal=GPIO_Input
PC3.GPIOParameters=GPIO_Label
PC3.GPIO_Label=JOYSTICK_D
PC3.Locked=true
PC3.Signal=GPIO_Input
PCC.Checker=false
PCC.Line=STM32F407/417
PCC.MCU=STM32F407Z(E-G)Tx
PCC.PartNumber=STM32F407ZGTx
PCC.Seq0=0
PCC.Series=STM32F4
PCC.Temperature=25
PCC.Vdd=3.3
PD0.Signal=FSMC_D2_DA2
PD1.Signal=FSMC_D3_DA3
PD10.Signal=FSMC_D15_DA15
PD14.Signal=FSMC_D0_DA0
PD15.Signal=FSMC_D1_DA1
PD4.Signal=FSMC_NOE
PD5.Signal=FSMC_NWE
PD8.Signal=FSMC_D13_DA13
PD9.Signal=FSMC_D14_DA14
PE10.Signal=FSMC_D7_DA7
PE11.Signal=FSMC_D8_DA8
PE12.Signal=FSMC_D9_DA9
PE13.Signal=FSMC_D10_DA10
PE14.Signal=FSMC_D11_DA11
PE15.Signal=FSMC_D12_DA12
PE2.Locked=true
PE2.Signal=FSMC_A23
PE7.Signal=FSMC_D4_DA4
PE8.Signal=FSMC_D5_DA5
PE9.Signal=FSMC_D6_DA6
PF10.GPIOParameters=GPIO_Label
PF10.GPIO_Label=USER
PF10.Locked=true
PF10.Signal=GPIO_Input
PF6.GPIOParameters=GPIO_Label
PF6.GPIO_Label=LED1
PF6.Locked=true
PF6.Signal=GPIO_Output
PF7.GPIOParameters=GPIO_Label
PF7.GPIO_Label=LED2
PF7.Locked=true
PF7.Signal=GPIO_Output
PF8.GPIOParameters=GPIO_Label
PF8.GPIO_Label=LED3
PF8.Locked=true
PF8.Signal=GPIO_Output
PF9.GPIOParameters=GPIO_Label
PF9.GPIO_Label=LED4
PF9.Locked=true
PF9.Signal=GPIO_Output
PG12.Mode=NorPsramChipSelect4_1
PG12.Signal=FSMC_NE4
PG13.Locked=true
PG13.Signal=FSMC_A24
PG5.Signal=FSMC_A15
PH0-OSC_IN.Mode=HSE-External-Oscillator
PH0-OSC_IN.Signal=RCC_OSC_IN
PH1-OSC_OUT.Mode=HSE-External-Oscillator
PH1-OSC_OUT.Signal=RCC_OSC_OUT
PinOutPanel.RotationAngle=0
ProjectManager.AskForMigrate=true
ProjectManager.BackupPrevious=false
ProjectManager.CompilerOptimize=2
ProjectManager.ComputerToolchain=false
ProjectManager.CoupleFile=true
ProjectManager.CustomerFirmwarePackage=d\:/data/STM32Cube/Repository/STM32Cube_FW_F4_V1.18.0
ProjectManager.DefaultFWLocation=true
ProjectManager.DeletePrevious=true
ProjectManager.DeviceId=STM32F407ZGTx
ProjectManager.FirmwarePackage=STM32Cube FW_F4 V1.18.0
ProjectManager.FreePins=false
ProjectManager.HalAssertFull=false
ProjectManager.HeapSize=0x200
ProjectManager.KeepUserCode=true
ProjectManager.LastFirmware=true
ProjectManager.LibraryCopy=0
ProjectManager.PreviousToolchain=
ProjectManager.ProjectBuild=false
ProjectManager.ProjectFileName=WaveshareOpen407Z.ioc
ProjectManager.ProjectName=WaveshareOpen407Z
ProjectManager.StackSize=0x400
ProjectManager.TargetToolchain=EWARM
ProjectManager.ToolChainLocation=
ProjectManager.UnderRoot=false
ProjectManager.functionlistsort=1-MX_GPIO_Init-GPIO-false-HAL,2-SystemClock_Config-RCC-false-HAL,3-MX_USART1_UART_Init-USART1-false-HAL,4-MX_FSMC_Init-FSMC-false-HAL
RCC.48MHZClocksFreq_Value=84000000
RCC.AHBFreq_Value=168000000
RCC.APB1CLKDivider=RCC_HCLK_DIV4
RCC.APB1Freq_Value=42000000
RCC.APB1TimFreq_Value=84000000
RCC.APB2CLKDivider=RCC_HCLK_DIV2
RCC.APB2Freq_Value=84000000
RCC.APB2TimFreq_Value=168000000
RCC.CortexFreq_Value=168000000
RCC.EthernetFreq_Value=168000000
RCC.FCLKCortexFreq_Value=168000000
RCC.FamilyName=M
RCC.HCLKFreq_Value=168000000
RCC.HSE_VALUE=8000000
RCC.HSI_VALUE=16000000
RCC.I2SClocksFreq_Value=96000000
RCC.IPParameters=48MHZClocksFreq_Value,AHBFreq_Value,APB1CLKDivider,APB1Freq_Value,APB1TimFreq_Value,APB2CLKDivider,APB2Freq_Value,APB2TimFreq_Value,CortexFreq_Value,EthernetFreq_Value,FCLKCortexFreq_Value,FamilyName,HCLKFreq_Value,HSE_VALUE,HSI_VALUE,I2SClocksFreq_Value,LSE_VALUE,LSI_VALUE,MCO2PinFreq_Value,PLLCLKFreq_Value,PLLM,PLLN,PLLQCLKFreq_Value,PLLSourceVirtual,RTCFreq_Value,RTCHSEDivFreq_Value,SYSCLKFreq_VALUE,SYSCLKSource,VCOI2SOutputFreq_Value,VCOInputFreq_Value,VCOOutputFreq_Value,VcooutputI2S
RCC.LSE_VALUE=32768
RCC.LSI_VALUE=32000
RCC.MCO2PinFreq_Value=168000000
RCC.PLLCLKFreq_Value=168000000
RCC.PLLM=8
RCC.PLLN=336
RCC.PLLQCLKFreq_Value=84000000
RCC.PLLSourceVirtual=RCC_PLLSOURCE_HSE
RCC.RTCFreq_Value=32000
RCC.RTCHSEDivFreq_Value=4000000
RCC.SYSCLKFreq_VALUE=168000000
RCC.SYSCLKSource=RCC_SYSCLKSOURCE_PLLCLK
RCC.VCOI2SOutputFreq_Value=192000000
RCC.VCOInputFreq_Value=1000000
RCC.VCOOutputFreq_Value=336000000
RCC.VcooutputI2S=96000000
SH.FSMC_A15.0=FSMC_A15,A15_1
SH.FSMC_A15.ConfNb=1
SH.FSMC_A23.0=FSMC_A23
SH.FSMC_A23.ConfNb=1
SH.FSMC_A24.0=FSMC_A24
SH.FSMC_A24.ConfNb=1
SH.FSMC_D0_DA0.0=FSMC_D0,16b-d1
SH.FSMC_D0_DA0.ConfNb=1
SH.FSMC_D10_DA10.0=FSMC_D10,16b-d1
SH.FSMC_D10_DA10.ConfNb=1
SH.FSMC_D11_DA11.0=FSMC_D11,16b-d1
SH.FSMC_D11_DA11.ConfNb=1
SH.FSMC_D12_DA12.0=FSMC_D12,16b-d1
SH.FSMC_D12_DA12.ConfNb=1
SH.FSMC_D13_DA13.0=FSMC_D13,16b-d1
SH.FSMC_D13_DA13.ConfNb=1
SH.FSMC_D14_DA14.0=FSMC_D14,16b-d1
SH.FSMC_D14_DA14.ConfNb=1
SH.FSMC_D15_DA15.0=FSMC_D15,16b-d1
SH.FSMC_D15_DA15.ConfNb=1
SH.FSMC_D1_DA1.0=FSMC_D1,16b-d1
SH.FSMC_D1_DA1.ConfNb=1
SH.FSMC_D2_DA2.0=FSMC_D2,16b-d1
SH.FSMC_D2_DA2.ConfNb=1
SH.FSMC_D3_DA3.0=FSMC_D3,16b-d1
SH.FSMC_D3_DA3.ConfNb=1
SH.FSMC_D4_DA4.0=FSMC_D4,16b-d1
SH.FSMC_D4_DA4.ConfNb=1
SH.FSMC_D5_DA5.0=FSMC_D5,16b-d1
SH.FSMC_D5_DA5.ConfNb=1
SH.FSMC_D6_DA6.0=FSMC_D6,16b-d1
SH.FSMC_D6_DA6.ConfNb=1
SH.FSMC_D7_DA7.0=FSMC_D7,16b-d1
SH.FSMC_D7_DA7.ConfNb=1
SH.FSMC_D8_DA8.0=FSMC_D8,16b-d1
SH.FSMC_D8_DA8.ConfNb=1
SH.FSMC_D9_DA9.0=FSMC_D9,16b-d1
SH.FSMC_D9_DA9.ConfNb=1
SH.FSMC_NOE.0=FSMC_NOE,Lcd1
SH.FSMC_NOE.ConfNb=1
SH.FSMC_NWE.0=FSMC_NWE,Lcd1
SH.FSMC_NWE.ConfNb=1
USART1.HwFlowCtl-Asynchronous=UART_HWCONTROL_NONE
USART1.IPParameters=VirtualMode,HwFlowCtl-Asynchronous
USART1.VirtualMode=VM_ASYNC
VP_SYS_VS_Systick.Mode=SysTick
VP_SYS_VS_Systick.Signal=SYS_VS_Systick
board=WaveshareOpen407Z
